{
  "name": "neoforge-ai-mod-template",
  "lockfileVersion": 3,
  "requires": true,
  "packages": {
    "": {
      "name": "neoforge-ai-mod-template",
      "devDependencies": {
        "@kzheart_/mc-pilot": "0.16.0"
      },
      "engines": {
        "node": ">=20"
      }
    },
    "node_modules/@kzheart_/mc-pilot": {
      "version": "0.16.0",
      "resolved": "https://registry.npmjs.org/@kzheart_/mc-pilot/-/mc-pilot-0.16.0.tgz",
      "dev": true,
      "hasInstallScript": true,
      "license": "MIT",
      "dependencies": {
        "@xmcl/core": "^2.15.1",
        "@xmcl/installer": "^6.1.2",
        "@xmcl/unzip": "^2.1.2",
        "commander": "^14.0.1",
        "pngjs": "^7.0.0",
        "undici": "^7.2.3",
        "ws": "^8.19.0"
      },
      "bin": {
        "mct": "bin/mct"
      },
      "engines": {
        "node": ">=20"
      },
      "integrity": "sha512-uSGw5wAVJdnD9txvX7l/xC/oVQSJSlGTaJNj7utp7rMXbKp3E5o7kwTo8o8Su33yfHEBcDwlLIXbao8nprs3Kw=="
    },
    "node_modules/@types/http-cache-semantics": {
      "version": "4.2.0",
      "resolved": "https://registry.npmjs.org/@types/http-cache-semantics/-/http-cache-semantics-4.2.0.tgz",
      "integrity": "sha512-L3LgimLHXtGkWikKnsPg0/VFx9OGZaC+eN1u4r+OB1XRqH3meBIAVC2zr1WdMH+RHmnRkqliQAOHNJ/E0j/e0Q==",
      "dev": true,
      "license": "MIT"
    },
    "node_modules/@types/node": {
      "version": "25.5.0",
      "resolved": "https://registry.npmjs.org/@types/node/-/node-25.5.0.tgz",
      "integrity": "sha512-jp2P3tQMSxWugkCUKLRPVUpGaL5MVFwF8RDuSRztfwgN1wmqJeMSbKlnEtQqU8UrhTmzEmZdu2I6v2dpp7XIxw==",
      "dev": true,
      "license": "MIT",
      "dependencies": {
        "undici-types": "~7.18.0"
      }
    },
    "node_modules/@types/yauzl": {
      "version": "2.10.3",
      "resolved": "https://registry.npmjs.org/@types/yauzl/-/yauzl-2.10.3.tgz",
      "integrity": "sha512-oJoftv0LSuaDZE3Le4DbKX+KS9G36NzOeSap90UIK0yMA/NhKJhqlSGtNDORNRaIbQfzjXDrQa0ytJ6mNRGz/Q==",
      "dev": true,
      "license": "MIT",
      "dependencies": {
        "@types/node": "*"
      }
    },
    "node_modules/@xmcl/asm": {
      "version": "1.0.1",
      "resolved": "https://registry.npmjs.org/@xmcl/asm/-/asm-1.0.1.tgz",
      "integrity": "sha512-7vCVgm1E1IZ2cujiitFk9550Vgu2XAOn1ff90di638fMmTK0XkFMXKsSR/nGZmYKt+XiTMI/0B3TvreqbVjOug==",
      "dev": true,
      "license": "MIT",
      "engines": {
        "node": ">=16"
      }
    },
    "node_modules/@xmcl/core": {
      "version": "2.15.1",
      "resolved": "https://registry.npmjs.org/@xmcl/core/-/core-2.15.1.tgz",
      "integrity": "sha512-ldVWtFGRTnQ836oRnex3YiwCogQmy2XdKfdYz9uAoEbXofMrH/Yq/uEK593iQ9iVJa8Rlfik+LjzGAfsYzR1SQ==",
      "dev": true,
      "license": "MIT",
      "dependencies": {
        "@xmcl/unzip": "2.1.2"
      },
      "engines": {
        "node": ">=20"
      }
    },
    "node_modules/@xmcl/file-transfer": {
      "version": "2.0.3",
      "resolved": "https://registry.npmjs.org/@xmcl/file-transfer/-/file-transfer-2.0.3.tgz",
      "integrity": "sha512-IzS1EsmirFF7fHQyJ3Otpu8W7l1vD4qzAlJtFDpkCrMRhfG99smgTiprhlfPzK8XklPe3cq8qKoiEO3v11VI9w==",
      "dev": true,
      "license": "MIT",
      "dependencies": {
        "@types/http-cache-semantics": "^4.0.1",
        "http-cache-semantics": "^4.1.1",
        "undici": "7.2.3"
      },
      "engines": {
        "node": ">=20"
      }
    },
    "node_modules/@xmcl/forge-site-parser": {
      "version": "2.0.9",
      "resolved": "https://registry.npmjs.org/@xmcl/forge-site-parser/-/forge-site-parser-2.0.9.tgz",
      "integrity": "sha512-OHKG2KYE+F6TSeOQmymuGoqEifxbJb3w3X/hmxMNeqtewiYukJldPmKO559ZFnZnOuMQEnr+X0dMbTQwWs5dFg==",
      "dev": true,
      "license": "MIT",
      "dependencies": {
        "node-html-parser": "^6.1.5"
      },
      "engines": {
        "node": ">=16"
      }
    },
    "node_modules/@xmcl/installer": {
      "version": "6.1.2",
      "resolved": "https://registry.npmjs.org/@xmcl/installer/-/installer-6.1.2.tgz",
      "integrity": "sha512-q0meO1I4oyL0jCd8mfRD8D92ODgTbg+sQvkfilWwG1115EBd1KNBzqFRKYXzkmEGwjrcCdhbA5Q4ECpJ87Ro0Q==",
      "dev": true,
      "license": "MIT",
      "dependencies": {
        "@xmcl/asm": "1.0.1",
        "@xmcl/core": "2.15.1",
        "@xmcl/file-transfer": "2.0.3",
        "@xmcl/forge-site-parser": "2.0.9",
        "@xmcl/task": "4.1.1",
        "@xmcl/unzip": "2.1.2",
        "undici": "7.2.3",
        "yauzl": "^2.10.0",
        "yazl": "^2.5.1"
      },
      "engines": {
        "node": ">=20"
      }
    },
    "node_modules/@xmcl/task": {
      "version": "4.1.1",
      "resolved": "https://registry.npmjs.org/@xmcl/task/-/task-4.1.1.tgz",
      "integrity": "sha512-UdTf37uBG26hx3UW8oDM5TFTodV0CMTgUKOQu5XGMc2iVEKXuC5rUgVMf6Av7aDAxbgb5LedK/5Ik1lDP9CRRA==",
      "dev": true,
      "license": "MIT"
    },
    "node_modules/@xmcl/unzip": {
      "version": "2.1.2",
      "resolved": "https://registry.npmjs.org/@xmcl/unzip/-/unzip-2.1.2.tgz",
      "integrity": "sha512-Lm/eg/e0/p+sfj/RT2QDpsBAf39DZqQ3+XvX1JXZPb64wnjwOf8CGU1WPv6BseEcJ5CMOpm0s2NyrEQD04y0UQ==",
      "dev": true,
      "license": "MIT",
      "dependencies": {
        "@types/yauzl": "^2.10.0",
        "yauzl": "^2.10.0"
      },
      "engines": {
        "node": ">=16"
      },
      "peerDependencies": {
        "yauzl": "^2.10.0"
      }
    },
    "node_modules/boolbase": {
      "version": "1.0.0",
      "resolved": "https://registry.npmjs.org/boolbase/-/boolbase-1.0.0.tgz",
      "integrity": "sha512-JZOSA7Mo9sNGB8+UjSgzdLtokWAky1zbztM3WRLCbZ70/3cTANmQmOdR7y2g+J0e2WXywy1yS468tY+IruqEww==",
      "dev": true,
      "license": "ISC"
    },
    "node_modules/buffer-crc32": {
      "version": "0.2.13",
      "resolved": "https://registry.npmjs.org/buffer-crc32/-/buffer-crc32-0.2.13.tgz",
      "integrity": "sha512-VO9Ht/+p3SN7SKWqcrgEzjGbRSJYTx+Q1pTQC0wrWqHx0vpJraQ6GtHx8tvcg1rlK1byhU5gccxgOgj7B0TDkQ==",
      "dev": true,
      "license": "MIT",
      "engines": {
        "node": "*"
      }
    },
    "node_modules/commander": {
      "version": "14.0.3",
      "resolved": "https://registry.npmjs.org/commander/-/commander-14.0.3.tgz",
      "integrity": "sha512-H+y0Jo/T1RZ9qPP4Eh1pkcQcLRglraJaSLoyOtHxu6AapkjWVCy2Sit1QQ4x3Dng8qDlSsZEet7g5Pq06MvTgw==",
      "dev": true,
      "license": "MIT",
      "engines": {
        "node": ">=20"
      }
    },
    "node_modules/css-select": {
      "version": "5.2.2",
      "resolved": "https://registry.npmjs.org/css-select/-/css-select-5.2.2.tgz",
      "integrity": "sha512-TizTzUddG/xYLA3NXodFM0fSbNizXjOKhqiQQwvhlspadZokn1KDy0NZFS0wuEubIYAV5/c1/lAr0TaaFXEXzw==",
      "dev": true,
      "license": "BSD-2-Clause",
      "dependencies": {
        "boolbase": "^1.0.0",
        "css-what": "^6.1.0",
        "domhandler": "^5.0.2",
        "domutils": "^3.0.1",
        "nth-check": "^2.0.1"
      },
      "funding": {
        "url": "https://github.com/sponsors/fb55"
      }
    },
    "node_modules/css-what": {
      "version": "6.2.2",
      "resolved": "https://registry.npmjs.org/css-what/-/css-what-6.2.2.tgz",
      "integrity": "sha512-u/O3vwbptzhMs3L1fQE82ZSLHQQfto5gyZzwteVIEyeaY5Fc7R4dapF/BvRoSYFeqfBk4m0V1Vafq5Pjv25wvA==",
      "dev": true,
      "license": "BSD-2-Clause",
      "engines": {
        "node": ">= 6"
      },
      "funding": {
        "url": "https://github.com/sponsors/fb55"
      }
    },
    "node_modules/dom-serializer": {
      "version": "2.0.0",
      "resolved": "https://registry.npmjs.org/dom-serializer/-/dom-serializer-2.0.0.tgz",
      "integrity": "sha512-wIkAryiqt/nV5EQKqQpo3SToSOV9J0DnbJqwK7Wv/Trc92zIAYZ4FlMu+JPFW1DfGFt81ZTCGgDEabffXeLyJg==",
      "dev": true,
      "license": "MIT",
      "dependencies": {
        "domelementtype": "^2.3.0",
        "domhandler": "^5.0.2",
        "entities": "^4.2.0"
      },
      "funding": {
        "url": "https://github.com/cheeriojs/dom-serializer?sponsor=1"
      }
    },
    "node_modules/domelementtype": {
      "version": "2.3.0",
      "resolved": "https://registry.npmjs.org/domelementtype/-/domelementtype-2.3.0.tgz",
      "integrity": "sha512-OLETBj6w0OsagBwdXnPdN0cnMfF9opN69co+7ZrbfPGrdpPVNBUj02spi6B1N7wChLQiPn4CSH/zJvXw56gmHw==",
      "dev": true,
      "funding": [
        {
          "type": "github",
          "url": "https://github.com/sponsors/fb55"
        }
      ],
      "license": "BSD-2-Clause"
    },
    "node_modules/domhandler": {
      "version": "5.0.3",
      "resolved": "https://registry.npmjs.org/domhandler/-/domhandler-5.0.3.tgz",
      "integrity": "sha512-cgwlv/1iFQiFnU96XXgROh8xTeetsnJiDsTc7TYCLFd9+/WNkIqPTxiM/8pSd8VIrhXGTf1Ny1q1hquVqDJB5w==",
      "dev": true,
      "license": "BSD-2-Clause",
      "dependencies": {
        "domelementtype": "^2.3.0"
      },
      "engines": {
        "node": ">= 4"
      },
      "funding": {
        "url": "https://github.com/fb55/domhandler?sponsor=1"
      }
    },
    "node_modules/domutils": {
      "version": "3.2.2",
      "resolved": "https://registry.npmjs.org/domutils/-/domutils-3.2.2.tgz",
      "integrity": "sha512-6kZKyUajlDuqlHKVX1w7gyslj9MPIXzIFiz/rGu35uC1wMi+kMhQwGhl4lt9unC9Vb9INnY9Z3/ZA3+FhASLaw==",
      "dev": true,
      "license": "BSD-2-Clause",
      "dependencies": {
        "dom-serializer": "^2.0.0",
        "domelementtype": "^2.3.0",
        "domhandler": "^5.0.3"
      },
      "funding": {
        "url": "https://github.com/fb55/domutils?sponsor=1"
      }
    },
    "node_modules/entities": {
      "version": "4.5.0",
      "resolved": "https://registry.npmjs.org/entities/-/entities-4.5.0.tgz",
      "integrity": "sha512-V0hjH4dGPh9Ao5p0MoRY6BVqtwCjhz6vI5LT8AJ55H+4g9/4vbHx1I54fS0XuclLhDHArPQCiMjDxjaL8fPxhw==",
      "dev": true,
      "license": "BSD-2-Clause",
      "engines": {
        "node": ">=0.12"
      },
      "funding": {
        "url": "https://github.com/fb55/entities?sponsor=1"
      }
    },
    "node_modules/fd-slicer": {
      "version": "1.1.0",
      "resolved": "https://registry.npmjs.org/fd-slicer/-/fd-slicer-1.1.0.tgz",
      "integrity": "sha512-cE1qsB/VwyQozZ+q1dGxR8LBYNZeofhEdUNGSMbQD3Gw2lAzX9Zb3uIU6Ebc/Fmyjo9AWWfnn0AUCHqtevs/8g==",
      "dev": true,
      "license": "MIT",
      "dependencies": {
        "pend": "~1.2.0"
      }
    },
    "node_modules/he": {
      "version": "1.2.0",
      "resolved": "https://registry.npmjs.org/he/-/he-1.2.0.tgz",
      "integrity": "sha512-F/1DnUGPopORZi0ni+CvrCgHQ5FyEAHRLSApuYWMmrbSwoN2Mn/7k+Gl38gJnR7yyDZk6WLXwiGod1JOWNDKGw==",
      "dev": true,
      "license": "MIT",
      "bin": {
        "he": "bin/he"
      }
    },
    "node_modules/http-cache-semantics": {
      "version": "4.2.0",
      "resolved": "https://registry.npmjs.org/http-cache-semantics/-/http-cache-semantics-4.2.0.tgz",
      "integrity": "sha512-dTxcvPXqPvXBQpq5dUr6mEMJX4oIEFv6bwom3FDwKRDsuIjjJGANqhBuoAn9c1RQJIdAKav33ED65E2ys+87QQ==",
      "dev": true,
      "license": "BSD-2-Clause"
    },
    "node_modules/node-html-parser": {
      "version": "6.1.13",
      "resolved": "https://registry.npmjs.org/node-html-parser/-/node-html-parser-6.1.13.tgz",
      "integrity": "sha512-qIsTMOY4C/dAa5Q5vsobRpOOvPfC4pB61UVW2uSwZNUp0QU/jCekTal1vMmbO0DgdHeLUJpv/ARmDqErVxA3Sg==",
      "dev": true,
      "license": "MIT",
      "dependencies": {
        "css-select": "^5.1.0",
        "he": "1.2.0"
      }
    },
    "node_modules/nth-check": {
      "version": "2.1.1",
      "resolved": "https://registry.npmjs.org/nth-check/-/nth-check-2.1.1.tgz",
      "integrity": "sha512-lqjrjmaOoAnWfMmBPL+XNnynZh2+swxiX3WUE0s4yEHI6m+AwrK2UZOimIRl3X/4QctVqS8AiZjFqyOGrMXb/w==",
      "dev": true,
      "license": "BSD-2-Clause",
      "dependencies": {
        "boolbase": "^1.0.0"
      },
      "funding": {
        "url": "https://github.com/fb55/nth-check?sponsor=1"
      }
    },
    "node_modules/pend": {
      "version": "1.2.0",
      "resolved": "https://registry.npmjs.org/pend/-/pend-1.2.0.tgz",
      "integrity": "sha512-F3asv42UuXchdzt+xXqfW1OGlVBe+mxa2mqI0pg5yAHZPvFmY3Y6drSf/GQ1A86WgWEN9Kzh/WrgKa6iGcHXLg==",
      "dev": true,
      "license": "MIT"
    },
    "node_modules/pngjs": {
      "version": "7.0.0",
      "resolved": "https://registry.npmjs.org/pngjs/-/pngjs-7.0.0.tgz",
      "integrity": "sha512-LKWqWJRhstyYo9pGvgor/ivk2w94eSjE3RGVuzLGlr3NmD8bf7RcYGze1mNdEHRP6TRP6rMuDHk5t44hnTRyow==",
      "dev": true,
      "license": "MIT",
      "engines": {
        "node": ">=14.19.0"
      }
    },
    "node_modules/undici": {
      "version": "7.2.3",
      "resolved": "https://registry.npmjs.org/undici/-/undici-7.2.3.tgz",
      "integrity": "sha512-2oSLHaDalSt2/O/wHA9M+/ZPAOcU2yrSP/cdBYJ+YxZskiPYDSqHbysLSlD7gq3JMqOoJI5O31RVU3BxX/MnAA==",
      "dev": true,
      "license": "MIT",
      "engines": {
        "node": ">=20.18.1"
      }
    },
    "node_modules/undici-types": {
      "version": "7.18.2",
      "resolved": "https://registry.npmjs.org/undici-types/-/undici-types-7.18.2.tgz",
      "integrity": "sha512-AsuCzffGHJybSaRrmr5eHr81mwJU3kjw6M+uprWvCXiNeN9SOGwQ3Jn8jb8m3Z6izVgknn1R0FTCEAP2QrLY/w==",
      "dev": true,
      "license": "MIT"
    },
    "node_modules/ws": {
      "version": "8.19.0",
      "resolved": "https://registry.npmjs.org/ws/-/ws-8.19.0.tgz",
      "integrity": "sha512-blAT2mjOEIi0ZzruJfIhb3nps74PRWTCz1IjglWEEpQl5XS/UNama6u2/rjFkDDouqr4L67ry+1aGIALViWjDg==",
      "dev": true,
      "license": "MIT",
      "engines": {
        "node": ">=10.0.0"
      },
      "peerDependencies": {
        "bufferutil": "^4.0.1",
        "utf-8-validate": ">=5.0.2"
      },
      "peerDependenciesMeta": {
        "bufferutil": {
          "optional": true
        },
        "utf-8-validate": {
          "optional": true
        }
      }
    },
    "node_modules/yauzl": {
      "version": "2.10.0",
      "resolved": "https://registry.npmjs.org/yauzl/-/yauzl-2.10.0.tgz",
      "integrity": "sha512-p4a9I6X6nu6IhoGmBqAcbJy1mlC4j27vEPZX9F4L4/vZT3Lyq1VkFHw/V/PUcB9Buo+DG3iHkT0x3Qya58zc3g==",
      "dev": true,
      "license": "MIT",
      "dependencies": {
        "buffer-crc32": "~0.2.3",
        "fd-slicer": "~1.1.0"
      }
    },
    "node_modules/yazl": {
      "version": "2.5.1",
      "resolved": "https://registry.npmjs.org/yazl/-/yazl-2.5.1.tgz",
      "integrity": "sha512-phENi2PLiHnHb6QBVot+dJnaAZ0xosj7p3fWl+znIjBDlnMI2PsZCJZ306BPTFOaHf5qdDEI8x5qFrSOBN5vrw==",
      "dev": true,
      "license": "MIT",
      "dependencies": {
        "buffer-crc32": "~0.2.3"
      }
    }
  }
}
